
Microsoft Visual Studio Solution File, Format Version 12.00
# Visual Studio Version 17
VisualStudioVersion = 17.7.34221.43
MinimumVisualStudioVersion = 10.0.40219.1
Project("{8BC9CEB8-8B4A-11D0-8D11-00A0C91BC942}") = "函数（1）", "函数（1）.vcxproj", "{ADE3053E-9955-44CD-AB94-5B470C497BA6}"
EndProject
Global
	GlobalSection(SolutionConfigurationPlatforms) = preSolution
		Debug|x64 = Debug|x64
		Debug|x86 = Debug|x86
		Release|x64 = Release|x64
		Release|x86 = Release|x86
	EndGlobalSection
	GlobalSection(ProjectConfigurationPlatforms) = postSolution
		{ADE3053E-9955-44CD-AB94-5B470C497BA6}.Debug|x64.ActiveCfg = Debug|x64
		{ADE3053E-9955-44CD-AB94-5B470C497BA6}.Debug|x64.Build.0 = Debug|x64
		{ADE3053E-9955-44CD-AB94-5B470C497BA6}.Debug|x86.ActiveCfg = Debug|Win32
		{ADE3053E-9955-44CD-AB94-5B470C497BA6}.Debug|x86.Build.0 = Debug|Win32
		{ADE3053E-9955-44CD-AB94-5B470C497BA6}.Release|x64.ActiveCfg = Release|x64
		{ADE3053E-9955-44CD-AB94-5B470C497BA6}.Release|x64.Build.0 = Release|x64
		{ADE3053E-9955-44CD-AB94-5B470C497BA6}.Release|x86.ActiveCfg = Release|Win32
		{ADE3053E-9955-44CD-AB94-5B470C497BA6}.Release|x86.Build.0 = Release|Win32
	EndGlobalSection
	GlobalSection(SolutionProperties) = preSolution
		HideSolutionNode = FALSE
	EndGlobalSection
	GlobalSection(ExtensibilityGlobals) = postSolution
		SolutionGuid = {2D517FCB-688F-4811-BCAC-4A33AA292681}
	EndGlobalSection
EndGlobal
