
Microsoft Visual Studio Solution File, Format Version 12.00
# Visual Studio Version 17
VisualStudioVersion = 17.8.34330.188
MinimumVisualStudioVersion = 10.0.40219.1
Project("{8BC9CEB8-8B4A-11D0-8D11-00A0C91BC942}") = "P1328 生活大爆炸版石头剪刀布", "P1328 生活大爆炸版石头剪刀布.vcxproj", "{FD4CE3F3-A2BB-4A7F-B6F8-137951BABFDD}"
EndProject
Global
	GlobalSection(SolutionConfigurationPlatforms) = preSolution
		Debug|x64 = Debug|x64
		Debug|x86 = Debug|x86
		Release|x64 = Release|x64
		Release|x86 = Release|x86
	EndGlobalSection
	GlobalSection(ProjectConfigurationPlatforms) = postSolution
		{FD4CE3F3-A2BB-4A7F-B6F8-137951BABFDD}.Debug|x64.ActiveCfg = Debug|x64
		{FD4CE3F3-A2BB-4A7F-B6F8-137951BABFDD}.Debug|x64.Build.0 = Debug|x64
		{FD4CE3F3-A2BB-4A7F-B6F8-137951BABFDD}.Debug|x86.ActiveCfg = Debug|Win32
		{FD4CE3F3-A2BB-4A7F-B6F8-137951BABFDD}.Debug|x86.Build.0 = Debug|Win32
		{FD4CE3F3-A2BB-4A7F-B6F8-137951BABFDD}.Release|x64.ActiveCfg = Release|x64
		{FD4CE3F3-A2BB-4A7F-B6F8-137951BABFDD}.Release|x64.Build.0 = Release|x64
		{FD4CE3F3-A2BB-4A7F-B6F8-137951BABFDD}.Release|x86.ActiveCfg = Release|Win32
		{FD4CE3F3-A2BB-4A7F-B6F8-137951BABFDD}.Release|x86.Build.0 = Release|Win32
	EndGlobalSection
	GlobalSection(SolutionProperties) = preSolution
		HideSolutionNode = FALSE
	EndGlobalSection
	GlobalSection(ExtensibilityGlobals) = postSolution
		SolutionGuid = {F932048B-5B9C-400F-99D9-C657B391BDA2}
	EndGlobalSection
EndGlobal
