
Microsoft Visual Studio Solution File, Format Version 12.00
# Visual Studio Version 17
VisualStudioVersion = 17.8.34330.188
MinimumVisualStudioVersion = 10.0.40219.1
Project("{8BC9CEB8-8B4A-11D0-8D11-00A0C91BC942}") = "P1969 积木大赛", "P1969 积木大赛.vcxproj", "{52895685-59CA-4D73-8D24-89C06F4885EE}"
EndProject
Global
	GlobalSection(SolutionConfigurationPlatforms) = preSolution
		Debug|x64 = Debug|x64
		Debug|x86 = Debug|x86
		Release|x64 = Release|x64
		Release|x86 = Release|x86
	EndGlobalSection
	GlobalSection(ProjectConfigurationPlatforms) = postSolution
		{52895685-59CA-4D73-8D24-89C06F4885EE}.Debug|x64.ActiveCfg = Debug|x64
		{52895685-59CA-4D73-8D24-89C06F4885EE}.Debug|x64.Build.0 = Debug|x64
		{52895685-59CA-4D73-8D24-89C06F4885EE}.Debug|x86.ActiveCfg = Debug|Win32
		{52895685-59CA-4D73-8D24-89C06F4885EE}.Debug|x86.Build.0 = Debug|Win32
		{52895685-59CA-4D73-8D24-89C06F4885EE}.Release|x64.ActiveCfg = Release|x64
		{52895685-59CA-4D73-8D24-89C06F4885EE}.Release|x64.Build.0 = Release|x64
		{52895685-59CA-4D73-8D24-89C06F4885EE}.Release|x86.ActiveCfg = Release|Win32
		{52895685-59CA-4D73-8D24-89C06F4885EE}.Release|x86.Build.0 = Release|Win32
	EndGlobalSection
	GlobalSection(SolutionProperties) = preSolution
		HideSolutionNode = FALSE
	EndGlobalSection
	GlobalSection(ExtensibilityGlobals) = postSolution
		SolutionGuid = {0A0C0940-D2A4-4A28-AB14-F0E1481DDB9E}
	EndGlobalSection
EndGlobal
