
Microsoft Visual Studio Solution File, Format Version 12.00
# Visual Studio Version 17
VisualStudioVersion = 17.7.34221.43
MinimumVisualStudioVersion = 10.0.40219.1
Project("{8BC9CEB8-8B4A-11D0-8D11-00A0C91BC942}") = "分支和循环-作业+练习", "分支和循环-作业+练习.vcxproj", "{D13A8282-5E82-421A-AF8C-22B0C999EF2C}"
EndProject
Global
	GlobalSection(SolutionConfigurationPlatforms) = preSolution
		Debug|x64 = Debug|x64
		Debug|x86 = Debug|x86
		Release|x64 = Release|x64
		Release|x86 = Release|x86
	EndGlobalSection
	GlobalSection(ProjectConfigurationPlatforms) = postSolution
		{D13A8282-5E82-421A-AF8C-22B0C999EF2C}.Debug|x64.ActiveCfg = Debug|x64
		{D13A8282-5E82-421A-AF8C-22B0C999EF2C}.Debug|x64.Build.0 = Debug|x64
		{D13A8282-5E82-421A-AF8C-22B0C999EF2C}.Debug|x86.ActiveCfg = Debug|Win32
		{D13A8282-5E82-421A-AF8C-22B0C999EF2C}.Debug|x86.Build.0 = Debug|Win32
		{D13A8282-5E82-421A-AF8C-22B0C999EF2C}.Release|x64.ActiveCfg = Release|x64
		{D13A8282-5E82-421A-AF8C-22B0C999EF2C}.Release|x64.Build.0 = Release|x64
		{D13A8282-5E82-421A-AF8C-22B0C999EF2C}.Release|x86.ActiveCfg = Release|Win32
		{D13A8282-5E82-421A-AF8C-22B0C999EF2C}.Release|x86.Build.0 = Release|Win32
	EndGlobalSection
	GlobalSection(SolutionProperties) = preSolution
		HideSolutionNode = FALSE
	EndGlobalSection
	GlobalSection(ExtensibilityGlobals) = postSolution
		SolutionGuid = {992D2F30-2697-4896-8FDE-50D09AC1A1B0}
	EndGlobalSection
EndGlobal
