
Microsoft Visual Studio Solution File, Format Version 12.00
# Visual Studio Version 17
VisualStudioVersion = 17.8.34330.188
MinimumVisualStudioVersion = 10.0.40219.1
Project("{8BC9CEB8-8B4A-11D0-8D11-00A0C91BC942}") = "P2347 砝码称重", "P2347 砝码称重.vcxproj", "{7C7CC873-D723-4CE9-A06A-B78F156AFBEE}"
EndProject
Global
	GlobalSection(SolutionConfigurationPlatforms) = preSolution
		Debug|x64 = Debug|x64
		Debug|x86 = Debug|x86
		Release|x64 = Release|x64
		Release|x86 = Release|x86
	EndGlobalSection
	GlobalSection(ProjectConfigurationPlatforms) = postSolution
		{7C7CC873-D723-4CE9-A06A-B78F156AFBEE}.Debug|x64.ActiveCfg = Debug|x64
		{7C7CC873-D723-4CE9-A06A-B78F156AFBEE}.Debug|x64.Build.0 = Debug|x64
		{7C7CC873-D723-4CE9-A06A-B78F156AFBEE}.Debug|x86.ActiveCfg = Debug|Win32
		{7C7CC873-D723-4CE9-A06A-B78F156AFBEE}.Debug|x86.Build.0 = Debug|Win32
		{7C7CC873-D723-4CE9-A06A-B78F156AFBEE}.Release|x64.ActiveCfg = Release|x64
		{7C7CC873-D723-4CE9-A06A-B78F156AFBEE}.Release|x64.Build.0 = Release|x64
		{7C7CC873-D723-4CE9-A06A-B78F156AFBEE}.Release|x86.ActiveCfg = Release|Win32
		{7C7CC873-D723-4CE9-A06A-B78F156AFBEE}.Release|x86.Build.0 = Release|Win32
	EndGlobalSection
	GlobalSection(SolutionProperties) = preSolution
		HideSolutionNode = FALSE
	EndGlobalSection
	GlobalSection(ExtensibilityGlobals) = postSolution
		SolutionGuid = {09B5E96A-856E-4D8E-8EEF-4FE68CA7BA6B}
	EndGlobalSection
EndGlobal
